
Microsoft Visual Studio Solution File, Format Version 12.00
# Visual Studio 2013
VisualStudioVersion = 12.0.40629.0
MinimumVisualStudioVersion = 10.0.40219.1
Project("{FAE04EC0-301F-11D3-BF4B-00C04F79EFBC}") = "getdrug", "getdrug\getdrug.csproj", "{1615E3D0-8860-45EA-B55C-55CD72E4EFBE}"
EndProject
Global
	GlobalSection(SolutionConfigurationPlatforms) = preSolution
		Debug|Any CPU = Debug|Any CPU
		Release|Any CPU = Release|Any CPU
	EndGlobalSection
	GlobalSection(ProjectConfigurationPlatforms) = postSolution
		{1615E3D0-8860-45EA-B55C-55CD72E4EFBE}.Debug|Any CPU.ActiveCfg = Debug|Any CPU
		{1615E3D0-8860-45EA-B55C-55CD72E4EFBE}.Debug|Any CPU.Build.0 = Debug|Any CPU
		{1615E3D0-8860-45EA-B55C-55CD72E4EFBE}.Release|Any CPU.ActiveCfg = Release|Any CPU
		{1615E3D0-8860-45EA-B55C-55CD72E4EFBE}.Release|Any CPU.Build.0 = Release|Any CPU
	EndGlobalSection
	GlobalSection(SolutionProperties) = preSolution
		HideSolutionNode = FALSE
	EndGlobalSection
EndGlobal
