
Microsoft Visual Studio Solution File, Format Version 12.00
# Visual Studio 14
VisualStudioVersion = 14.0.25420.1
MinimumVisualStudioVersion = 10.0.40219.1
Project("{FAE04EC0-301F-11D3-BF4B-00C04F79EFBC}") = "Moamam.Data", "Moamam.Data\Moamam.Data.csproj", "{E7E556FD-F89F-455B-A15F-FD959EACCB74}"
EndProject
Project("{E24C65DC-7377-472B-9ABA-BC803B73C61A}") = "Moamam.WEB", "http://localhost:57211", "{8A56607D-2D96-477D-9F91-C1C0652E8203}"
	ProjectSection(WebsiteProperties) = preProject
		UseIISExpress = "true"
		TargetFrameworkMoniker = ".NETFramework,Version%3Dv4.5"
		ProjectReferences = "{e7e556fd-f89f-455b-a15f-fd959eaccb74}|Moamam.Data.dll;{7103C9AD-EAD9-4C2C-9872-E02411EC3B82}|Moamam.Lib.dll;"
		Debug.AspNetCompiler.VirtualPath = "/localhost_57211"
		Debug.AspNetCompiler.PhysicalPath = "Moamam.WEB\"
		Debug.AspNetCompiler.TargetPath = "PrecompiledWeb\localhost_57211\"
		Debug.AspNetCompiler.Updateable = "true"
		Debug.AspNetCompiler.ForceOverwrite = "true"
		Debug.AspNetCompiler.FixedNames = "false"
		Debug.AspNetCompiler.Debug = "True"
		Release.AspNetCompiler.VirtualPath = "/localhost_57211"
		Release.AspNetCompiler.PhysicalPath = "Moamam.WEB\"
		Release.AspNetCompiler.TargetPath = "PrecompiledWeb\localhost_57211\"
		Release.AspNetCompiler.Updateable = "true"
		Release.AspNetCompiler.ForceOverwrite = "true"
		Release.AspNetCompiler.FixedNames = "false"
		Release.AspNetCompiler.Debug = "False"
		SlnRelativePath = "Moamam.WEB\"
	EndProjectSection
EndProject
Project("{FAE04EC0-301F-11D3-BF4B-00C04F79EFBC}") = "Moamam.Lib", "Moamam.Lib\Moamam.Lib.csproj", "{7103C9AD-EAD9-4C2C-9872-E02411EC3B82}"
EndProject
Project("{2150E333-8FDC-42A3-9474-1A3956D46DE8}") = "Solution Items", "Solution Items", "{5A844E26-147B-4CFA-AFA7-15DDB7E20A7D}"
	ProjectSection(SolutionItems) = preProject
		Script\SPM_Web_COMMON_Tbl_BokYongHooKi_S.sql = Script\SPM_Web_COMMON_Tbl_BokYongHooKi_S.sql
		Script\SPM_Web_COMMON_Tbl_Code_R.sql = Script\SPM_Web_COMMON_Tbl_Code_R.sql
		Script\SPM_Web_COMMON_Tbl_member_R.sql = Script\SPM_Web_COMMON_Tbl_member_R.sql
		Script\SPM_Web_COMMON_Tbl_member_S.sql = Script\SPM_Web_COMMON_Tbl_member_S.sql
		Script\TBL_SP.sql = Script\TBL_SP.sql
	EndProjectSection
EndProject
Global
	GlobalSection(SolutionConfigurationPlatforms) = preSolution
		Debug|Any CPU = Debug|Any CPU
		Release|Any CPU = Release|Any CPU
	EndGlobalSection
	GlobalSection(ProjectConfigurationPlatforms) = postSolution
		{E7E556FD-F89F-455B-A15F-FD959EACCB74}.Debug|Any CPU.ActiveCfg = Debug|Any CPU
		{E7E556FD-F89F-455B-A15F-FD959EACCB74}.Debug|Any CPU.Build.0 = Debug|Any CPU
		{E7E556FD-F89F-455B-A15F-FD959EACCB74}.Release|Any CPU.ActiveCfg = Release|Any CPU
		{E7E556FD-F89F-455B-A15F-FD959EACCB74}.Release|Any CPU.Build.0 = Release|Any CPU
		{8A56607D-2D96-477D-9F91-C1C0652E8203}.Debug|Any CPU.ActiveCfg = Debug|Any CPU
		{8A56607D-2D96-477D-9F91-C1C0652E8203}.Debug|Any CPU.Build.0 = Debug|Any CPU
		{8A56607D-2D96-477D-9F91-C1C0652E8203}.Release|Any CPU.ActiveCfg = Debug|Any CPU
		{8A56607D-2D96-477D-9F91-C1C0652E8203}.Release|Any CPU.Build.0 = Debug|Any CPU
		{7103C9AD-EAD9-4C2C-9872-E02411EC3B82}.Debug|Any CPU.ActiveCfg = Debug|Any CPU
		{7103C9AD-EAD9-4C2C-9872-E02411EC3B82}.Debug|Any CPU.Build.0 = Debug|Any CPU
		{7103C9AD-EAD9-4C2C-9872-E02411EC3B82}.Release|Any CPU.ActiveCfg = Release|Any CPU
		{7103C9AD-EAD9-4C2C-9872-E02411EC3B82}.Release|Any CPU.Build.0 = Release|Any CPU
	EndGlobalSection
	GlobalSection(SolutionProperties) = preSolution
		HideSolutionNode = FALSE
	EndGlobalSection
EndGlobal
